{
  "name": "rokuyo",
  "version": "0.0.0",
  "lockfileVersion": 1,
  "requires": true,
  "dependencies": {
    "moment": {
      "version": "2.22.2",
      "resolved": "https://registry.npmjs.org/moment/-/moment-2.22.2.tgz",
      "integrity": "sha1-PCV/mDn8DpP/UxSWMiOeuQeD/2Y="
    },
    "moment-lunar": {
      "version": "0.0.3",
      "resolved": "https://registry.npmjs.org/moment-lunar/-/moment-lunar-0.0.3.tgz",
      "integrity": "sha1-NXPQ0idgZCdr/p+/zMQ+AMHjFNQ=",
      "requires": {
        "moment": "^2.17.1"
      }
    }
  }
}
